<?xml version="1.0" encoding="UTF-8"?>
<CodeBlocks_project_file>
	<FileVersion major="1" minor="6"/>
	<Project>
		<Option title="FheJoin"/>
		<Option makefile_is_custom="1"/>
		<Option compiler="gcc"/>
		<Option virtualFolders="CMake Files\;CMake Files\..\;CMake Files\..\..\;CMake Files\..\..\..\;CMake Files\..\..\..\..\;CMake Files\..\..\..\..\usr\;CMake Files\..\..\..\..\usr\local\;CMake Files\..\..\..\..\usr\local\lib\;CMake Files\..\..\..\..\usr\local\lib\cmake\;CMake Files\..\..\..\..\usr\local\lib\cmake\SEAL-3.6\;"/>
		<Build>
			<Target title="all">
				<Option working_dir="/home/kaichi/repo/FHE"/>
				<Option type="4"/>
				<MakeCommands>
					<Build command="/usr/bin/make -f &quot;/home/kaichi/repo/FHE/Makefile&quot;  VERBOSE=1 all"/>
					<CompileFile command="/usr/bin/make -f &quot;/home/kaichi/repo/FHE/Makefile&quot;  VERBOSE=1 &quot;$file&quot;"/>
					<Clean command="/usr/bin/make -f &quot;/home/kaichi/repo/FHE/Makefile&quot;  VERBOSE=1 clean"/>
					<DistClean command="/usr/bin/make -f &quot;/home/kaichi/repo/FHE/Makefile&quot;  VERBOSE=1 clean"/>
				</MakeCommands>
			</Target>
			<Target title="rebuild_cache">
				<Option working_dir="/home/kaichi/repo/FHE"/>
				<Option type="4"/>
				<MakeCommands>
					<Build command="/usr/bin/make -f &quot;/home/kaichi/repo/FHE/Makefile&quot;  VERBOSE=1 rebuild_cache"/>
					<CompileFile command="/usr/bin/make -f &quot;/home/kaichi/repo/FHE/Makefile&quot;  VERBOSE=1 &quot;$file&quot;"/>
					<Clean command="/usr/bin/make -f &quot;/home/kaichi/repo/FHE/Makefile&quot;  VERBOSE=1 clean"/>
					<DistClean command="/usr/bin/make -f &quot;/home/kaichi/repo/FHE/Makefile&quot;  VERBOSE=1 clean"/>
				</MakeCommands>
			</Target>
			<Target title="edit_cache">
				<Option working_dir="/home/kaichi/repo/FHE"/>
				<Option type="4"/>
				<MakeCommands>
					<Build command="/usr/bin/make -f &quot;/home/kaichi/repo/FHE/Makefile&quot;  VERBOSE=1 edit_cache"/>
					<CompileFile command="/usr/bin/make -f &quot;/home/kaichi/repo/FHE/Makefile&quot;  VERBOSE=1 &quot;$file&quot;"/>
					<Clean command="/usr/bin/make -f &quot;/home/kaichi/repo/FHE/Makefile&quot;  VERBOSE=1 clean"/>
					<DistClean command="/usr/bin/make -f &quot;/home/kaichi/repo/FHE/Makefile&quot;  VERBOSE=1 clean"/>
				</MakeCommands>
			</Target>
			<Target title="dtejoin">
				<Option output="/home/kaichi/repo/FHE/dtejoin" prefix_auto="0" extension_auto="0"/>
				<Option working_dir="/home/kaichi/repo/FHE"/>
				<Option object_output="./"/>
				<Option type="1"/>
				<Option compiler="gcc"/>
				<Compiler/>
				<MakeCommands>
					<Build command="/usr/bin/make -f &quot;/home/kaichi/repo/FHE/Makefile&quot;  VERBOSE=1 dtejoin"/>
					<CompileFile command="/usr/bin/make -f &quot;/home/kaichi/repo/FHE/Makefile&quot;  VERBOSE=1 &quot;$file&quot;"/>
					<Clean command="/usr/bin/make -f &quot;/home/kaichi/repo/FHE/Makefile&quot;  VERBOSE=1 clean"/>
					<DistClean command="/usr/bin/make -f &quot;/home/kaichi/repo/FHE/Makefile&quot;  VERBOSE=1 clean"/>
				</MakeCommands>
			</Target>
			<Target title="dtejoin/fast">
				<Option output="/home/kaichi/repo/FHE/dtejoin" prefix_auto="0" extension_auto="0"/>
				<Option working_dir="/home/kaichi/repo/FHE"/>
				<Option object_output="./"/>
				<Option type="1"/>
				<Option compiler="gcc"/>
				<Compiler/>
				<MakeCommands>
					<Build command="/usr/bin/make -f &quot;/home/kaichi/repo/FHE/Makefile&quot;  VERBOSE=1 dtejoin/fast"/>
					<CompileFile command="/usr/bin/make -f &quot;/home/kaichi/repo/FHE/Makefile&quot;  VERBOSE=1 &quot;$file&quot;"/>
					<Clean command="/usr/bin/make -f &quot;/home/kaichi/repo/FHE/Makefile&quot;  VERBOSE=1 clean"/>
					<DistClean command="/usr/bin/make -f &quot;/home/kaichi/repo/FHE/Makefile&quot;  VERBOSE=1 clean"/>
				</MakeCommands>
			</Target>
			<Target title="fhejoin">
				<Option output="/home/kaichi/repo/FHE/fhejoin" prefix_auto="0" extension_auto="0"/>
				<Option working_dir="/home/kaichi/repo/FHE"/>
				<Option object_output="./"/>
				<Option type="1"/>
				<Option compiler="gcc"/>
				<Compiler>
					<Add directory="/usr/local/include/SEAL-3.6"/>
				</Compiler>
				<MakeCommands>
					<Build command="/usr/bin/make -f &quot;/home/kaichi/repo/FHE/Makefile&quot;  VERBOSE=1 fhejoin"/>
					<CompileFile command="/usr/bin/make -f &quot;/home/kaichi/repo/FHE/Makefile&quot;  VERBOSE=1 &quot;$file&quot;"/>
					<Clean command="/usr/bin/make -f &quot;/home/kaichi/repo/FHE/Makefile&quot;  VERBOSE=1 clean"/>
					<DistClean command="/usr/bin/make -f &quot;/home/kaichi/repo/FHE/Makefile&quot;  VERBOSE=1 clean"/>
				</MakeCommands>
			</Target>
			<Target title="fhejoin/fast">
				<Option output="/home/kaichi/repo/FHE/fhejoin" prefix_auto="0" extension_auto="0"/>
				<Option working_dir="/home/kaichi/repo/FHE"/>
				<Option object_output="./"/>
				<Option type="1"/>
				<Option compiler="gcc"/>
				<Compiler>
					<Add directory="/usr/local/include/SEAL-3.6"/>
				</Compiler>
				<MakeCommands>
					<Build command="/usr/bin/make -f &quot;/home/kaichi/repo/FHE/Makefile&quot;  VERBOSE=1 fhejoin/fast"/>
					<CompileFile command="/usr/bin/make -f &quot;/home/kaichi/repo/FHE/Makefile&quot;  VERBOSE=1 &quot;$file&quot;"/>
					<Clean command="/usr/bin/make -f &quot;/home/kaichi/repo/FHE/Makefile&quot;  VERBOSE=1 clean"/>
					<DistClean command="/usr/bin/make -f &quot;/home/kaichi/repo/FHE/Makefile&quot;  VERBOSE=1 clean"/>
				</MakeCommands>
			</Target>
		</Build>
		<Unit filename="/home/kaichi/repo/FHE/dte_join.cpp">
			<Option target="dtejoin"/>
		</Unit>
		<Unit filename="/home/kaichi/repo/FHE/fhe_join.cpp">
			<Option target="fhejoin"/>
		</Unit>
		<Unit filename="/home/kaichi/repo/FHE/generator.cpp">
			<Option target="dtejoin"/>
			<Option target="fhejoin"/>
		</Unit>
		<Unit filename="/home/kaichi/repo/FHE/generator.h">
			<Option target="dtejoin"/>
			<Option target="fhejoin"/>
		</Unit>
		<Unit filename="/home/kaichi/repo/FHE/openssl_rsa.cpp">
			<Option target="dtejoin"/>
		</Unit>
		<Unit filename="/home/kaichi/repo/FHE/openssl_rsa.h">
			<Option target="dtejoin"/>
		</Unit>
		<Unit filename="/home/kaichi/repo/FHE/rho/radix_join.cpp">
			<Option target="dtejoin"/>
		</Unit>
		<Unit filename="/home/kaichi/repo/FHE/rho/radix_join.h">
			<Option target="dtejoin"/>
		</Unit>
		<Unit filename="/home/kaichi/repo/FHE/CMakeLists.txt">
			<Option virtualFolder="CMake Files\"/>
		</Unit>
		<Unit filename="/home/kaichi/repo/FHE/../../../../usr/local/lib/cmake/SEAL-3.6/SEALConfig.cmake">
			<Option virtualFolder="CMake Files\..\..\..\..\usr\local\lib\cmake\SEAL-3.6\"/>
		</Unit>
		<Unit filename="/home/kaichi/repo/FHE/../../../../usr/local/lib/cmake/SEAL-3.6/SEALConfigVersion.cmake">
			<Option virtualFolder="CMake Files\..\..\..\..\usr\local\lib\cmake\SEAL-3.6\"/>
		</Unit>
		<Unit filename="/home/kaichi/repo/FHE/../../../../usr/local/lib/cmake/SEAL-3.6/SEALTargets-release.cmake">
			<Option virtualFolder="CMake Files\..\..\..\..\usr\local\lib\cmake\SEAL-3.6\"/>
		</Unit>
		<Unit filename="/home/kaichi/repo/FHE/../../../../usr/local/lib/cmake/SEAL-3.6/SEALTargets.cmake">
			<Option virtualFolder="CMake Files\..\..\..\..\usr\local\lib\cmake\SEAL-3.6\"/>
		</Unit>
	</Project>
</CodeBlocks_project_file>
